
Microsoft Visual Studio Solution File, Format Version 12.00
# Visual Studio 15
VisualStudioVersion = 15.0.28010.2041
MinimumVisualStudioVersion = 10.0.40219.1
Project("{FAE04EC0-301F-11D3-BF4B-00C04F79EFBC}") = "flontend01", "flontend01\flontend01.csproj", "{EE441CED-ADDC-472B-A557-7ED5E7EE7BB6}"
EndProject
Global
	GlobalSection(SolutionConfigurationPlatforms) = preSolution
		Debug|Any CPU = Debug|Any CPU
		Release|Any CPU = Release|Any CPU
	EndGlobalSection
	GlobalSection(ProjectConfigurationPlatforms) = postSolution
		{EE441CED-ADDC-472B-A557-7ED5E7EE7BB6}.Debug|Any CPU.ActiveCfg = Debug|Any CPU
		{EE441CED-ADDC-472B-A557-7ED5E7EE7BB6}.Debug|Any CPU.Build.0 = Debug|Any CPU
		{EE441CED-ADDC-472B-A557-7ED5E7EE7BB6}.Release|Any CPU.ActiveCfg = Release|Any CPU
		{EE441CED-ADDC-472B-A557-7ED5E7EE7BB6}.Release|Any CPU.Build.0 = Release|Any CPU
	EndGlobalSection
	GlobalSection(SolutionProperties) = preSolution
		HideSolutionNode = FALSE
	EndGlobalSection
	GlobalSection(ExtensibilityGlobals) = postSolution
		SolutionGuid = {635B0F9F-96EE-45A9-8D83-9EEA1A7D2508}
	EndGlobalSection
EndGlobal
